// !$*UTF8*$!
{
	archiveVersion = 1;
	classes = {
	};
	objectVersion = 46;
	objects = {

/* Begin PBXBuildFile section */
		725628BE1CEBE9C600CB9474 /* AppDelegate.swift in Sources */ = {isa = PBXBuildFile; fileRef = 725628BD1CEBE9C600CB9474 /* AppDelegate.swift */; };
		725628C01CEBE9C600CB9474 /* ViewController.swift in Sources */ = {isa = PBXBuildFile; fileRef = 725628BF1CEBE9C600CB9474 /* ViewController.swift */; };
		725628C31CEBE9C600CB9474 /* Main.storyboard in Resources */ = {isa = PBXBuildFile; fileRef = 725628C11CEBE9C600CB9474 /* Main.storyboard */; };
		725628C51CEBE9C600CB9474 /* Assets.xcassets in Resources */ = {isa = PBXBuildFile; fileRef = 725628C41CEBE9C600CB9474 /* Assets.xcassets */; };
		725628C81CEBE9C600CB9474 /* LaunchScreen.storyboard in Resources */ = {isa = PBXBuildFile; fileRef = 725628C61CEBE9C600CB9474 /* LaunchScreen.storyboard */; };
		725628D11CEBEA3500CB9474 /* Post.swift in Sources */ = {isa = PBXBuildFile; fileRef = 725628D01CEBEA3500CB9474 /* Post.swift */; };
		725628D41CEBF21900CB9474 /* PostCell.swift in Sources */ = {isa = PBXBuildFile; fileRef = 725628D31CEBF21900CB9474 /* PostCell.swift */; };
		725628D71CEBF9A200CB9474 /* AddPostVC.swift in Sources */ = {isa = PBXBuildFile; fileRef = 725628D61CEBF9A200CB9474 /* AddPostVC.swift */; };
		725628DA1CEC015200CB9474 /* DataService.swift in Sources */ = {isa = PBXBuildFile; fileRef = 725628D91CEC015200CB9474 /* DataService.swift */; };
/* End PBXBuildFile section */

/* Begin PBXFileReference section */
		725628BA1CEBE9C600CB9474 /* my-hood.app */ = {isa = PBXFileReference; explicitFileType = wrapper.application; includeInIndex = 0; path = "my-hood.app"; sourceTree = BUILT_PRODUCTS_DIR; };
		725628BD1CEBE9C600CB9474 /* AppDelegate.swift */ = {isa = PBXFileReference; lastKnownFileType = sourcecode.swift; path = AppDelegate.swift; sourceTree = "<group>"; };
		725628BF1CEBE9C600CB9474 /* ViewController.swift */ = {isa = PBXFileReference; lastKnownFileType = sourcecode.swift; path = ViewController.swift; sourceTree = "<group>"; };
		725628C21CEBE9C600CB9474 /* Base */ = {isa = PBXFileReference; lastKnownFileType = file.storyboard; name = Base; path = Base.lproj/Main.storyboard; sourceTree = "<group>"; };
		725628C41CEBE9C600CB9474 /* Assets.xcassets */ = {isa = PBXFileReference; lastKnownFileType = folder.assetcatalog; path = Assets.xcassets; sourceTree = "<group>"; };
		725628C71CEBE9C600CB9474 /* Base */ = {isa = PBXFileReference; lastKnownFileType = file.storyboard; name = Base; path = Base.lproj/LaunchScreen.storyboard; sourceTree = "<group>"; };
		725628C91CEBE9C600CB9474 /* Info.plist */ = {isa = PBXFileReference; lastKnownFileType = text.plist.xml; path = Info.plist; sourceTree = "<group>"; };
		725628D01CEBEA3500CB9474 /* Post.swift */ = {isa = PBXFileReference; fileEncoding = 4; lastKnownFileType = sourcecode.swift; path = Post.swift; sourceTree = "<group>"; };
		725628D31CEBF21900CB9474 /* PostCell.swift */ = {isa = PBXFileReference; fileEncoding = 4; lastKnownFileType = sourcecode.swift; path = PostCell.swift; sourceTree = "<group>"; };
		725628D61CEBF9A200CB9474 /* AddPostVC.swift */ = {isa = PBXFileReference; fileEncoding = 4; lastKnownFileType = sourcecode.swift; path = AddPostVC.swift; sourceTree = "<group>"; };
		725628D91CEC015200CB9474 /* DataService.swift */ = {isa = PBXFileReference; fileEncoding = 4; lastKnownFileType = sourcecode.swift; path = DataService.swift; sourceTree = "<group>"; };
/* End PBXFileReference section */

/* Begin PBXFrameworksBuildPhase section */
		725628B71CEBE9C600CB9474 /* Frameworks */ = {
			isa = PBXFrameworksBuildPhase;
			buildActionMask = 2147483647;
			files = (
			);
			runOnlyForDeploymentPostprocessing = 0;
		};
/* End PBXFrameworksBuildPhase section */

/* Begin PBXGroup section */
		725628B11CEBE9C600CB9474 = {
			isa = PBXGroup;
			children = (
				725628BC1CEBE9C600CB9474 /* my-hood */,
				725628BB1CEBE9C600CB9474 /* Products */,
			);
			sourceTree = "<group>";
		};
		725628BB1CEBE9C600CB9474 /* Products */ = {
			isa = PBXGroup;
			children = (
				725628BA1CEBE9C600CB9474 /* my-hood.app */,
			);
			name = Products;
			sourceTree = "<group>";
		};
		725628BC1CEBE9C600CB9474 /* my-hood */ = {
			isa = PBXGroup;
			children = (
				725628D81CEC013D00CB9474 /* Services */,
				725628D51CEBF97200CB9474 /* Controller */,
				725628D21CEBF1FD00CB9474 /* View */,
				725628CF1CEBEA2500CB9474 /* Model */,
				725628BD1CEBE9C600CB9474 /* AppDelegate.swift */,
				725628C41CEBE9C600CB9474 /* Assets.xcassets */,
				725628C91CEBE9C600CB9474 /* Info.plist */,
			);
			path = "my-hood";
			sourceTree = "<group>";
		};
		725628CF1CEBEA2500CB9474 /* Model */ = {
			isa = PBXGroup;
			children = (
				725628D01CEBEA3500CB9474 /* Post.swift */,
			);
			name = Model;
			sourceTree = "<group>";
		};
		725628D21CEBF1FD00CB9474 /* View */ = {
			isa = PBXGroup;
			children = (
				725628C11CEBE9C600CB9474 /* Main.storyboard */,
				725628C61CEBE9C600CB9474 /* LaunchScreen.storyboard */,
				725628D31CEBF21900CB9474 /* PostCell.swift */,
			);
			name = View;
			sourceTree = "<group>";
		};
		725628D51CEBF97200CB9474 /* Controller */ = {
			isa = PBXGroup;
			children = (
				725628BF1CEBE9C600CB9474 /* ViewController.swift */,
				725628D61CEBF9A200CB9474 /* AddPostVC.swift */,
			);
			name = Controller;
			sourceTree = "<group>";
		};
		725628D81CEC013D00CB9474 /* Services */ = {
			isa = PBXGroup;
			children = (
				725628D91CEC015200CB9474 /* DataService.swift */,
			);
			name = Services;
			sourceTree = "<group>";
		};
/* End PBXGroup section */

/* Begin PBXNativeTarget section */
		725628B91CEBE9C600CB9474 /* my-hood */ = {
			isa = PBXNativeTarget;
			buildConfigurationList = 725628CC1CEBE9C600CB9474 /* Build configuration list for PBXNativeTarget "my-hood" */;
			buildPhases = (
				725628B61CEBE9C600CB9474 /* Sources */,
				725628B71CEBE9C600CB9474 /* Frameworks */,
				725628B81CEBE9C600CB9474 /* Resources */,
			);
			buildRules = (
			);
			dependencies = (
			);
			name = "my-hood";
			productName = "my-hood";
			productReference = 725628BA1CEBE9C600CB9474 /* my-hood.app */;
			productType = "com.apple.product-type.application";
		};
/* End PBXNativeTarget section */

/* Begin PBXProject section */
		725628B21CEBE9C600CB9474 /* Project object */ = {
			isa = PBXProject;
			attributes = {
				LastSwiftUpdateCheck = 0730;
				LastUpgradeCheck = 0730;
				ORGANIZATIONNAME = "Michael Mahon";
				TargetAttributes = {
					725628B91CEBE9C600CB9474 = {
						CreatedOnToolsVersion = 7.3.1;
						DevelopmentTeam = T2RK559XL4;
					};
				};
			};
			buildConfigurationList = 725628B51CEBE9C600CB9474 /* Build configuration list for PBXProject "my-hood" */;
			compatibilityVersion = "Xcode 3.2";
			developmentRegion = English;
			hasScannedForEncodings = 0;
			knownRegions = (
				en,
				Base,
			);
			mainGroup = 725628B11CEBE9C600CB9474;
			productRefGroup = 725628BB1CEBE9C600CB9474 /* Products */;
			projectDirPath = "";
			projectRoot = "";
			targets = (
				725628B91CEBE9C600CB9474 /* my-hood */,
			);
		};
/* End PBXProject section */

/* Begin PBXResourcesBuildPhase section */
		725628B81CEBE9C600CB9474 /* Resources */ = {
			isa = PBXResourcesBuildPhase;
			buildActionMask = 2147483647;
			files = (
				725628C81CEBE9C600CB9474 /* LaunchScreen.storyboard in Resources */,
				725628C51CEBE9C600CB9474 /* Assets.xcassets in Resources */,
				725628C31CEBE9C600CB9474 /* Main.storyboard in Resources */,
			);
			runOnlyForDeploymentPostprocessing = 0;
		};
/* End PBXResourcesBuildPhase section */

/* Begin PBXSourcesBuildPhase section */
		725628B61CEBE9C600CB9474 /* Sources */ = {
			isa = PBXSourcesBuildPhase;
			buildActionMask = 2147483647;
			files = (
				725628D11CEBEA3500CB9474 /* Post.swift in Sources */,
				725628C01CEBE9C600CB9474 /* ViewController.swift in Sources */,
				725628D71CEBF9A200CB9474 /* AddPostVC.swift in Sources */,
				725628DA1CEC015200CB9474 /* DataService.swift in Sources */,
				725628BE1CEBE9C600CB9474 /* AppDelegate.swift in Sources */,
				725628D41CEBF21900CB9474 /* PostCell.swift in Sources */,
			);
			runOnlyForDeploymentPostprocessing = 0;
		};
/* End PBXSourcesBuildPhase section */

/* Begin PBXVariantGroup section */
		725628C11CEBE9C600CB9474 /* Main.storyboard */ = {
			isa = PBXVariantGroup;
			children = (
				725628C21CEBE9C600CB9474 /* Base */,
			);
			name = Main.storyboard;
			sourceTree = "<group>";
		};
		725628C61CEBE9C600CB9474 /* LaunchScreen.storyboard */ = {
			isa = PBXVariantGroup;
			children = (
				725628C71CEBE9C600CB9474 /* Base */,
			);
			name = LaunchScreen.storyboard;
			sourceTree = "<group>";
		};
/* End PBXVariantGroup section */

/* Begin XCBuildConfiguration section */
		725628CA1CEBE9C600CB9474 /* Debug */ = {
			isa = XCBuildConfiguration;
			buildSettings = {
				ALWAYS_SEARCH_USER_PATHS = NO;
				CLANG_ANALYZER_NONNULL = YES;
				CLANG_CXX_LANGUAGE_STANDARD = "gnu++0x";
				CLANG_CXX_LIBRARY = "libc++";
				CLANG_ENABLE_MODULES = YES;
				CLANG_ENABLE_OBJC_ARC = YES;
				CLANG_WARN_BOOL_CONVERSION = YES;
				CLANG_WARN_CONSTANT_CONVERSION = YES;
				CLANG_WARN_DIRECT_OBJC_ISA_USAGE = YES_ERROR;
				CLANG_WARN_EMPTY_BODY = YES;
				CLANG_WARN_ENUM_CONVERSION = YES;
				CLANG_WARN_INT_CONVERSION = YES;
				CLANG_WARN_OBJC_ROOT_CLASS = YES_ERROR;
				CLANG_WARN_UNREACHABLE_CODE = YES;
				CLANG_WARN__DUPLICATE_METHOD_MATCH = YES;
				"CODE_SIGN_IDENTITY[sdk=iphoneos*]" = "iPhone Developer";
				COPY_PHASE_STRIP = NO;
				DEBUG_INFORMATION_FORMAT = dwarf;
				ENABLE_STRICT_OBJC_MSGSEND = YES;
				ENABLE_TESTABILITY = YES;
				GCC_C_LANGUAGE_STANDARD = gnu99;
				GCC_DYNAMIC_NO_PIC = NO;
				GCC_NO_COMMON_BLOCKS = YES;
				GCC_OPTIMIZATION_LEVEL = 0;
				GCC_PREPROCESSOR_DEFINITIONS = (
					"DEBUG=1",
					"$(inherited)",
				);
				GCC_WARN_64_TO_32_BIT_CONVERSION = YES;
				GCC_WARN_ABOUT_RETURN_TYPE = YES_ERROR;
				GCC_WARN_UNDECLARED_SELECTOR = YES;
				GCC_WARN_UNINITIALIZED_AUTOS = YES_AGGRESSIVE;
				GCC_WARN_UNUSED_FUNCTION = YES;
				GCC_WARN_UNUSED_VARIABLE = YES;
				IPHONEOS_DEPLOYMENT_TARGET = 9.3;
				MTL_ENABLE_DEBUG_INFO = YES;
				ONLY_ACTIVE_ARCH = YES;
				SDKROOT = iphoneos;
				SWIFT_OPTIMIZATION_LEVEL = "-Onone";
				TARGETED_DEVICE_FAMILY = "1,2";
			};
			name = Debug;
		};
		725628CB1CEBE9C600CB9474 /* Release */ = {
			isa = XCBuildConfiguration;
			buildSettings = {
				ALWAYS_SEARCH_USER_PATHS = NO;
				CLANG_ANALYZER_NONNULL = YES;
				CLANG_CXX_LANGUAGE_STANDARD = "gnu++0x";
				CLANG_CXX_LIBRARY = "libc++";
				CLANG_ENABLE_MODULES = YES;
				CLANG_ENABLE_OBJC_ARC = YES;
				CLANG_WARN_BOOL_CONVERSION = YES;
				CLANG_WARN_CONSTANT_CONVERSION = YES;
				CLANG_WARN_DIRECT_OBJC_ISA_USAGE = YES_ERROR;
				CLANG_WARN_EMPTY_BODY = YES;
				CLANG_WARN_ENUM_CONVERSION = YES;
				CLANG_WARN_INT_CONVERSION = YES;
				CLANG_WARN_OBJC_ROOT_CLASS = YES_ERROR;
				CLANG_WARN_UNREACHABLE_CODE = YES;
				CLANG_WARN__DUPLICATE_METHOD_MATCH = YES;
				"CODE_SIGN_IDENTITY[sdk=iphoneos*]" = "iPhone Developer";
				COPY_PHASE_STRIP = NO;
				DEBUG_INFORMATION_FORMAT = "dwarf-with-dsym";
				ENABLE_NS_ASSERTIONS = NO;
				ENABLE_STRICT_OBJC_MSGSEND = YES;
				GCC_C_LANGUAGE_STANDARD = gnu99;
				GCC_NO_COMMON_BLOCKS = YES;
				GCC_WARN_64_TO_32_BIT_CONVERSION = YES;
				GCC_WARN_ABOUT_RETURN_TYPE = YES_ERROR;
				GCC_WARN_UNDECLARED_SELECTOR = YES;
				GCC_WARN_UNINITIALIZED_AUTOS = YES_AGGRESSIVE;
				GCC_WARN_UNUSED_FUNCTION = YES;
				GCC_WARN_UNUSED_VARIABLE = YES;
				IPHONEOS_DEPLOYMENT_TARGET = 9.3;
				MTL_ENABLE_DEBUG_INFO = NO;
				SDKROOT = iphoneos;
				TARGETED_DEVICE_FAMILY = "1,2";
				VALIDATE_PRODUCT = YES;
			};
			name = Release;
		};
		725628CD1CEBE9C600CB9474 /* Debug */ = {
			isa = XCBuildConfiguration;
			buildSettings = {
				ASSETCATALOG_COMPILER_APPICON_NAME = AppIcon;
				INFOPLIST_FILE = "my-hood/Info.plist";
				LD_RUNPATH_SEARCH_PATHS = "$(inherited) @executable_path/Frameworks";
				PRODUCT_BUNDLE_IDENTIFIER = "com.michaelmahon.my-hood";
				PRODUCT_NAME = "$(TARGET_NAME)";
			};
			name = Debug;
		};
		725628CE1CEBE9C600CB9474 /* Release */ = {
			isa = XCBuildConfiguration;
			buildSettings = {
				ASSETCATALOG_COMPILER_APPICON_NAME = AppIcon;
				INFOPLIST_FILE = "my-hood/Info.plist";
				LD_RUNPATH_SEARCH_PATHS = "$(inherited) @executable_path/Frameworks";
				PRODUCT_BUNDLE_IDENTIFIER = "com.michaelmahon.my-hood";
				PRODUCT_NAME = "$(TARGET_NAME)";
			};
			name = Release;
		};
/* End XCBuildConfiguration section */

/* Begin XCConfigurationList section */
		725628B51CEBE9C600CB9474 /* Build configuration list for PBXProject "my-hood" */ = {
			isa = XCConfigurationList;
			buildConfigurations = (
				725628CA1CEBE9C600CB9474 /* Debug */,
				725628CB1CEBE9C600CB9474 /* Release */,
			);
			defaultConfigurationIsVisible = 0;
			defaultConfigurationName = Release;
		};
		725628CC1CEBE9C600CB9474 /* Build configuration list for PBXNativeTarget "my-hood" */ = {
			isa = XCConfigurationList;
			buildConfigurations = (
				725628CD1CEBE9C600CB9474 /* Debug */,
				725628CE1CEBE9C600CB9474 /* Release */,
			);
			defaultConfigurationIsVisible = 0;
		};
/* End XCConfigurationList section */
	};
	rootObject = 725628B21CEBE9C600CB9474 /* Project object */;
}
